
Microsoft Visual Studio Solution File, Format Version 12.00
# Visual Studio Version 17
VisualStudioVersion = 17.7.34024.191
MinimumVisualStudioVersion = 10.0.40219.1
Project("{8BC9CEB8-8B4A-11D0-8D11-00A0C91BC942}") = "DirectX11绘制四棱台", "DirectX11绘制四棱台\DirectX11绘制四棱台.vcxproj", "{CB728DBA-4296-402C-AC37-1B1209290F69}"
EndProject
Global
	GlobalSection(SolutionConfigurationPlatforms) = preSolution
		Debug|x64 = Debug|x64
		Debug|x86 = Debug|x86
		Release|x64 = Release|x64
		Release|x86 = Release|x86
	EndGlobalSection
	GlobalSection(ProjectConfigurationPlatforms) = postSolution
		{CB728DBA-4296-402C-AC37-1B1209290F69}.Debug|x64.ActiveCfg = Debug|x64
		{CB728DBA-4296-402C-AC37-1B1209290F69}.Debug|x64.Build.0 = Debug|x64
		{CB728DBA-4296-402C-AC37-1B1209290F69}.Debug|x86.ActiveCfg = Debug|Win32
		{CB728DBA-4296-402C-AC37-1B1209290F69}.Debug|x86.Build.0 = Debug|Win32
		{CB728DBA-4296-402C-AC37-1B1209290F69}.Release|x64.ActiveCfg = Release|x64
		{CB728DBA-4296-402C-AC37-1B1209290F69}.Release|x64.Build.0 = Release|x64
		{CB728DBA-4296-402C-AC37-1B1209290F69}.Release|x86.ActiveCfg = Release|Win32
		{CB728DBA-4296-402C-AC37-1B1209290F69}.Release|x86.Build.0 = Release|Win32
	EndGlobalSection
	GlobalSection(SolutionProperties) = preSolution
		HideSolutionNode = FALSE
	EndGlobalSection
	GlobalSection(ExtensibilityGlobals) = postSolution
		SolutionGuid = {C55F59F9-B83C-4E22-8DF5-EFBFEC365A3C}
	EndGlobalSection
EndGlobal
